# This file was autogenerated by Stack.
# You should not edit this file by hand.
# For more information, please see the documentation at:
#   https://docs.haskellstack.org/en/stable/lock_files

packages:
- completed:
    hackage: ihaskell-blaze-0.3.0.1@sha256:57f0e79758d084da3a662d0909ba2b01e469200029fed495fc208ba5f59024fd,2161
    pantry-tree:
      sha256: 69fee7554a6410e45011c89d9e9547d18e2798e4f01ebd0426573b05e0e21696
      size: 223
  original:
    hackage: ihaskell-blaze-0.3.0.1
- completed:
    hackage: liquid-ghc-prim-0.7.0@sha256:8d99d771235d388ed54393faa2712c880e60b659fa574877fc5f383d4d49f4ed,1763
    pantry-tree:
      sha256: 2e85095d397912b2d5b65054cd613e93dd7aa31ed4a4ff4fd265be207ece35e0
      size: 912
  original:
    hackage: liquid-ghc-prim-0.7.0@sha256:8d99d771235d388ed54393faa2712c880e60b659fa574877fc5f383d4d49f4ed,1763
- completed:
    hackage: liquid-prelude-0.8.10.2@sha256:b2a3650092e3eecfff5e5b15052700c2d6ba5eecbf20d91eae552da23783b03e,1604
    pantry-tree:
      sha256: 17fffd9d59ef7d3e7fa04b89174250bab84af77822d3f5de0124d608aa6827c6
      size: 1029
  original:
    hackage: liquid-prelude-0.8.10.2@sha256:b2a3650092e3eecfff5e5b15052700c2d6ba5eecbf20d91eae552da23783b03e,1604
- completed:
    hackage: rest-rewrite-0.3.0@sha256:398f937a5faf6bd3329650ee9aed31bbfe7ed1c23252710908ad7295e3252c94,3890
    pantry-tree:
      sha256: 6e42cf85257cbc2abf50a9c8f3bac8777920f1b970e6f2cae9358690e1186e99
      size: 3943
  original:
    hackage: rest-rewrite-0.3.0
- completed:
    commit: b86fb5b461a70d07fb7e97ccdbdd0ee330bf3396
    git: https://github.com/ucsd-progsys/liquidhaskell
    name: liquidhaskell
    pantry-tree:
      sha256: 700e83cf6eb423426e4271fe0d9d410a06ebbe023e6c71e01c5326226e2aa5b4
      size: 321195
    subdir: .
    version: 0.8.10.7.1
  original:
    commit: b86fb5b461a70d07fb7e97ccdbdd0ee330bf3396
    git: https://github.com/ucsd-progsys/liquidhaskell
    subdir: .
- completed:
    commit: b86fb5b461a70d07fb7e97ccdbdd0ee330bf3396
    git: https://github.com/ucsd-progsys/liquidhaskell
    name: liquid-fixpoint
    pantry-tree:
      sha256: eb86f67f0cec00cee544860484878e7dd728c12922b33eed6e1d052e14bb05c7
      size: 22580
    subdir: liquid-fixpoint
    version: 0.8.10.7.1
  original:
    commit: b86fb5b461a70d07fb7e97ccdbdd0ee330bf3396
    git: https://github.com/ucsd-progsys/liquidhaskell
    subdir: liquid-fixpoint
- completed:
    commit: 16033ac4b90e11ad4fb2f6b866b905ff765dbac7
    git: https://github.com/ucsd-progsys/liquidhaskell
    name: liquid-base
    pantry-tree:
      sha256: 93ac13aab5186b8c51eb68e7905b1c55ce942144196b9a0bfbffb3d980d1df6a
      size: 15057
    subdir: liquid-base
    version: 4.14.3.0
  original:
    commit: 16033ac4b90e11ad4fb2f6b866b905ff765dbac7
    git: https://github.com/ucsd-progsys/liquidhaskell
    subdir: liquid-base
- completed:
    commit: 16033ac4b90e11ad4fb2f6b866b905ff765dbac7
    git: https://github.com/ucsd-progsys/liquidhaskell
    name: liquid-containers
    pantry-tree:
      sha256: e0813348d68667e035d96bcd225b9d545693bf7827f40d41d86c4535cf120cb8
      size: 2143
    subdir: liquid-containers
    version: 0.6.2.1
  original:
    commit: 16033ac4b90e11ad4fb2f6b866b905ff765dbac7
    git: https://github.com/ucsd-progsys/liquidhaskell
    subdir: liquid-containers
snapshots:
- completed:
    sha256: 6d1532d40621957a25bad5195bfca7938e8a06d923c91bc52aa0f3c41181f2d4
    size: 619204
    url: https://raw.githubusercontent.com/commercialhaskell/stackage-snapshots/master/lts/19/33.yaml
  original: lts-19.33
